// !$*UTF8*$!
{
	archiveVersion = 1;
	classes = {
	};
	objectVersion = 56;
	objects = {

/* Begin PBXBuildFile section */
		0121942064C6C34C5D97AA87 /* Pods_Instagram.framework in Frameworks */ = {isa = PBXBuildFile; fileRef = BB9FF3D31DBF32D9A5A6D0BD /* Pods_Instagram.framework */; };
		EC9178F22A528C3E0032853B /* StorageManager.swift in Sources */ = {isa = PBXBuildFile; fileRef = EC9178F12A528C3E0032853B /* StorageManager.swift */; };
		EC9178F42A52918A0032853B /* Extensions.swift in Sources */ = {isa = PBXBuildFile; fileRef = EC9178F32A52918A0032853B /* Extensions.swift */; };
		ECE62E002A513A5200965495 /* AppDelegate.swift in Sources */ = {isa = PBXBuildFile; fileRef = ECE62DFF2A513A5200965495 /* AppDelegate.swift */; };
		ECE62E022A513A5200965495 /* SceneDelegate.swift in Sources */ = {isa = PBXBuildFile; fileRef = ECE62E012A513A5200965495 /* SceneDelegate.swift */; };
		ECE62E042A513A5200965495 /* HomeViewController.swift in Sources */ = {isa = PBXBuildFile; fileRef = ECE62E032A513A5200965495 /* HomeViewController.swift */; };
		ECE62E072A513A5200965495 /* Main.storyboard in Resources */ = {isa = PBXBuildFile; fileRef = ECE62E052A513A5200965495 /* Main.storyboard */; };
		ECE62E092A513A5300965495 /* Assets.xcassets in Resources */ = {isa = PBXBuildFile; fileRef = ECE62E082A513A5300965495 /* Assets.xcassets */; };
		ECE62E0C2A513A5300965495 /* LaunchScreen.storyboard in Resources */ = {isa = PBXBuildFile; fileRef = ECE62E0A2A513A5300965495 /* LaunchScreen.storyboard */; };
		ECE62E192A513CAE00965495 /* ExploreViewController.swift in Sources */ = {isa = PBXBuildFile; fileRef = ECE62E182A513CAE00965495 /* ExploreViewController.swift */; };
		ECE62E1B2A513CC000965495 /* CameraViewController.swift in Sources */ = {isa = PBXBuildFile; fileRef = ECE62E1A2A513CC000965495 /* CameraViewController.swift */; };
		ECE62E1D2A513CC900965495 /* ProfileViewController.swift in Sources */ = {isa = PBXBuildFile; fileRef = ECE62E1C2A513CC900965495 /* ProfileViewController.swift */; };
		ECE62E1F2A513CD900965495 /* NotificationViewController.swift in Sources */ = {isa = PBXBuildFile; fileRef = ECE62E1E2A513CD900965495 /* NotificationViewController.swift */; };
		ECE62E212A513DCB00965495 /* LoginViewController.swift in Sources */ = {isa = PBXBuildFile; fileRef = ECE62E202A513DCB00965495 /* LoginViewController.swift */; };
		ECE62E232A513DDC00965495 /* RegistrationViewController.swift in Sources */ = {isa = PBXBuildFile; fileRef = ECE62E222A513DDC00965495 /* RegistrationViewController.swift */; };
		ECE62E252A513E2100965495 /* PostViewController.swift in Sources */ = {isa = PBXBuildFile; fileRef = ECE62E242A513E2100965495 /* PostViewController.swift */; };
		ECE62E272A513E3400965495 /* EditProfileViewController.swift in Sources */ = {isa = PBXBuildFile; fileRef = ECE62E262A513E3400965495 /* EditProfileViewController.swift */; };
		ECE62E292A513E5E00965495 /* SettingsViewController.swift in Sources */ = {isa = PBXBuildFile; fileRef = ECE62E282A513E5E00965495 /* SettingsViewController.swift */; };
		ECE62E2B2A513E6500965495 /* ListViewController.swift in Sources */ = {isa = PBXBuildFile; fileRef = ECE62E2A2A513E6500965495 /* ListViewController.swift */; };
		ECE62E2D2A513E8E00965495 /* SearchViewController.swift in Sources */ = {isa = PBXBuildFile; fileRef = ECE62E2C2A513E8E00965495 /* SearchViewController.swift */; };
		ECE62E2F2A513E9900965495 /* SearchResultViewController.swift in Sources */ = {isa = PBXBuildFile; fileRef = ECE62E2E2A513E9900965495 /* SearchResultViewController.swift */; };
		ECE62E312A513EFF00965495 /* PostEditorViewController.swift in Sources */ = {isa = PBXBuildFile; fileRef = ECE62E302A513EFF00965495 /* PostEditorViewController.swift */; };
		ECE62E332A513F1600965495 /* PublishPostViewController.swift in Sources */ = {isa = PBXBuildFile; fileRef = ECE62E322A513F1600965495 /* PublishPostViewController.swift */; };
		ECE62E372A5161E600965495 /* GoogleService-Info.plist in Resources */ = {isa = PBXBuildFile; fileRef = ECE62E362A5161E600965495 /* GoogleService-Info.plist */; };
		ECE62E3C2A518AA500965495 /* DatabaseManager.swift in Sources */ = {isa = PBXBuildFile; fileRef = ECE62E3B2A518AA500965495 /* DatabaseManager.swift */; };
		ECE62E3E2A518AC300965495 /* AuthManager.swift in Sources */ = {isa = PBXBuildFile; fileRef = ECE62E3D2A518AC300965495 /* AuthManager.swift */; };
/* End PBXBuildFile section */

/* Begin PBXFileReference section */
		8AAD52E13C9E0569A101B5D7 /* Pods-Instagram.release.xcconfig */ = {isa = PBXFileReference; includeInIndex = 1; lastKnownFileType = text.xcconfig; name = "Pods-Instagram.release.xcconfig"; path = "Target Support Files/Pods-Instagram/Pods-Instagram.release.xcconfig"; sourceTree = "<group>"; };
		BB9FF3D31DBF32D9A5A6D0BD /* Pods_Instagram.framework */ = {isa = PBXFileReference; explicitFileType = wrapper.framework; includeInIndex = 0; path = Pods_Instagram.framework; sourceTree = BUILT_PRODUCTS_DIR; };
		D83115BF1AE643C0680BB7C6 /* Pods-Instagram.debug.xcconfig */ = {isa = PBXFileReference; includeInIndex = 1; lastKnownFileType = text.xcconfig; name = "Pods-Instagram.debug.xcconfig"; path = "Target Support Files/Pods-Instagram/Pods-Instagram.debug.xcconfig"; sourceTree = "<group>"; };
		EC9178F12A528C3E0032853B /* StorageManager.swift */ = {isa = PBXFileReference; lastKnownFileType = sourcecode.swift; path = StorageManager.swift; sourceTree = "<group>"; };
		EC9178F32A52918A0032853B /* Extensions.swift */ = {isa = PBXFileReference; lastKnownFileType = sourcecode.swift; path = Extensions.swift; sourceTree = "<group>"; };
		ECE62DFC2A513A5200965495 /* Instagram.app */ = {isa = PBXFileReference; explicitFileType = wrapper.application; includeInIndex = 0; path = Instagram.app; sourceTree = BUILT_PRODUCTS_DIR; };
		ECE62DFF2A513A5200965495 /* AppDelegate.swift */ = {isa = PBXFileReference; lastKnownFileType = sourcecode.swift; path = AppDelegate.swift; sourceTree = "<group>"; };
		ECE62E012A513A5200965495 /* SceneDelegate.swift */ = {isa = PBXFileReference; lastKnownFileType = sourcecode.swift; path = SceneDelegate.swift; sourceTree = "<group>"; };
		ECE62E032A513A5200965495 /* HomeViewController.swift */ = {isa = PBXFileReference; lastKnownFileType = sourcecode.swift; path = HomeViewController.swift; sourceTree = "<group>"; };
		ECE62E062A513A5200965495 /* Base */ = {isa = PBXFileReference; lastKnownFileType = file.storyboard; name = Base; path = Base.lproj/Main.storyboard; sourceTree = "<group>"; };
		ECE62E082A513A5300965495 /* Assets.xcassets */ = {isa = PBXFileReference; lastKnownFileType = folder.assetcatalog; path = Assets.xcassets; sourceTree = "<group>"; };
		ECE62E0B2A513A5300965495 /* Base */ = {isa = PBXFileReference; lastKnownFileType = file.storyboard; name = Base; path = Base.lproj/LaunchScreen.storyboard; sourceTree = "<group>"; };
		ECE62E0D2A513A5300965495 /* Info.plist */ = {isa = PBXFileReference; lastKnownFileType = text.plist.xml; path = Info.plist; sourceTree = "<group>"; };
		ECE62E182A513CAE00965495 /* ExploreViewController.swift */ = {isa = PBXFileReference; lastKnownFileType = sourcecode.swift; path = ExploreViewController.swift; sourceTree = "<group>"; };
		ECE62E1A2A513CC000965495 /* CameraViewController.swift */ = {isa = PBXFileReference; lastKnownFileType = sourcecode.swift; path = CameraViewController.swift; sourceTree = "<group>"; };
		ECE62E1C2A513CC900965495 /* ProfileViewController.swift */ = {isa = PBXFileReference; lastKnownFileType = sourcecode.swift; path = ProfileViewController.swift; sourceTree = "<group>"; };
		ECE62E1E2A513CD900965495 /* NotificationViewController.swift */ = {isa = PBXFileReference; lastKnownFileType = sourcecode.swift; path = NotificationViewController.swift; sourceTree = "<group>"; };
		ECE62E202A513DCB00965495 /* LoginViewController.swift */ = {isa = PBXFileReference; lastKnownFileType = sourcecode.swift; path = LoginViewController.swift; sourceTree = "<group>"; };
		ECE62E222A513DDC00965495 /* RegistrationViewController.swift */ = {isa = PBXFileReference; lastKnownFileType = sourcecode.swift; path = RegistrationViewController.swift; sourceTree = "<group>"; };
		ECE62E242A513E2100965495 /* PostViewController.swift */ = {isa = PBXFileReference; lastKnownFileType = sourcecode.swift; path = PostViewController.swift; sourceTree = "<group>"; };
		ECE62E262A513E3400965495 /* EditProfileViewController.swift */ = {isa = PBXFileReference; lastKnownFileType = sourcecode.swift; path = EditProfileViewController.swift; sourceTree = "<group>"; };
		ECE62E282A513E5E00965495 /* SettingsViewController.swift */ = {isa = PBXFileReference; lastKnownFileType = sourcecode.swift; path = SettingsViewController.swift; sourceTree = "<group>"; };
		ECE62E2A2A513E6500965495 /* ListViewController.swift */ = {isa = PBXFileReference; lastKnownFileType = sourcecode.swift; path = ListViewController.swift; sourceTree = "<group>"; };
		ECE62E2C2A513E8E00965495 /* SearchViewController.swift */ = {isa = PBXFileReference; lastKnownFileType = sourcecode.swift; path = SearchViewController.swift; sourceTree = "<group>"; };
		ECE62E2E2A513E9900965495 /* SearchResultViewController.swift */ = {isa = PBXFileReference; lastKnownFileType = sourcecode.swift; path = SearchResultViewController.swift; sourceTree = "<group>"; };
		ECE62E302A513EFF00965495 /* PostEditorViewController.swift */ = {isa = PBXFileReference; lastKnownFileType = sourcecode.swift; path = PostEditorViewController.swift; sourceTree = "<group>"; };
		ECE62E322A513F1600965495 /* PublishPostViewController.swift */ = {isa = PBXFileReference; lastKnownFileType = sourcecode.swift; path = PublishPostViewController.swift; sourceTree = "<group>"; };
		ECE62E362A5161E600965495 /* GoogleService-Info.plist */ = {isa = PBXFileReference; fileEncoding = 4; lastKnownFileType = text.plist.xml; path = "GoogleService-Info.plist"; sourceTree = "<group>"; };
		ECE62E3B2A518AA500965495 /* DatabaseManager.swift */ = {isa = PBXFileReference; lastKnownFileType = sourcecode.swift; path = DatabaseManager.swift; sourceTree = "<group>"; };
		ECE62E3D2A518AC300965495 /* AuthManager.swift */ = {isa = PBXFileReference; lastKnownFileType = sourcecode.swift; path = AuthManager.swift; sourceTree = "<group>"; };
/* End PBXFileReference section */

/* Begin PBXFrameworksBuildPhase section */
		ECE62DF92A513A5200965495 /* Frameworks */ = {
			isa = PBXFrameworksBuildPhase;
			buildActionMask = 2147483647;
			files = (
				0121942064C6C34C5D97AA87 /* Pods_Instagram.framework in Frameworks */,
			);
			runOnlyForDeploymentPostprocessing = 0;
		};
/* End PBXFrameworksBuildPhase section */

/* Begin PBXGroup section */
		31C98B03530984D0E908316B /* Frameworks */ = {
			isa = PBXGroup;
			children = (
				BB9FF3D31DBF32D9A5A6D0BD /* Pods_Instagram.framework */,
			);
			name = Frameworks;
			sourceTree = "<group>";
		};
		B698B0CCC0781758913C239C /* Pods */ = {
			isa = PBXGroup;
			children = (
				D83115BF1AE643C0680BB7C6 /* Pods-Instagram.debug.xcconfig */,
				8AAD52E13C9E0569A101B5D7 /* Pods-Instagram.release.xcconfig */,
			);
			path = Pods;
			sourceTree = "<group>";
		};
		ECE62DF32A513A5200965495 = {
			isa = PBXGroup;
			children = (
				ECE62DFE2A513A5200965495 /* Instagram */,
				ECE62DFD2A513A5200965495 /* Products */,
				B698B0CCC0781758913C239C /* Pods */,
				31C98B03530984D0E908316B /* Frameworks */,
			);
			sourceTree = "<group>";
		};
		ECE62DFD2A513A5200965495 /* Products */ = {
			isa = PBXGroup;
			children = (
				ECE62DFC2A513A5200965495 /* Instagram.app */,
			);
			name = Products;
			sourceTree = "<group>";
		};
		ECE62DFE2A513A5200965495 /* Instagram */ = {
			isa = PBXGroup;
			children = (
				ECE62E162A513B1D00965495 /* Resources */,
				ECE62E132A513AE400965495 /* Model */,
				ECE62E142A513AED00965495 /* View */,
				ECE62E152A513AFF00965495 /* Controller */,
				ECE62E0D2A513A5300965495 /* Info.plist */,
			);
			path = Instagram;
			sourceTree = "<group>";
		};
		ECE62E132A513AE400965495 /* Model */ = {
			isa = PBXGroup;
			children = (
			);
			path = Model;
			sourceTree = "<group>";
		};
		ECE62E142A513AED00965495 /* View */ = {
			isa = PBXGroup;
			children = (
				ECE62E082A513A5300965495 /* Assets.xcassets */,
				ECE62E172A513B4A00965495 /* Storyboard */,
			);
			path = View;
			sourceTree = "<group>";
		};
		ECE62E152A513AFF00965495 /* Controller */ = {
			isa = PBXGroup;
			children = (
				ECE62E352A5145A600965495 /* Other */,
				ECE62E342A51458300965495 /* Core Tabs */,
			);
			path = Controller;
			sourceTree = "<group>";
		};
		ECE62E162A513B1D00965495 /* Resources */ = {
			isa = PBXGroup;
			children = (
				ECE62E362A5161E600965495 /* GoogleService-Info.plist */,
				ECE62DFF2A513A5200965495 /* AppDelegate.swift */,
				ECE62E012A513A5200965495 /* SceneDelegate.swift */,
				ECE62E3B2A518AA500965495 /* DatabaseManager.swift */,
				ECE62E3D2A518AC300965495 /* AuthManager.swift */,
				EC9178F12A528C3E0032853B /* StorageManager.swift */,
				EC9178F32A52918A0032853B /* Extensions.swift */,
			);
			path = Resources;
			sourceTree = "<group>";
		};
		ECE62E172A513B4A00965495 /* Storyboard */ = {
			isa = PBXGroup;
			children = (
				ECE62E052A513A5200965495 /* Main.storyboard */,
				ECE62E0A2A513A5300965495 /* LaunchScreen.storyboard */,
			);
			path = Storyboard;
			sourceTree = "<group>";
		};
		ECE62E342A51458300965495 /* Core Tabs */ = {
			isa = PBXGroup;
			children = (
				ECE62E032A513A5200965495 /* HomeViewController.swift */,
				ECE62E182A513CAE00965495 /* ExploreViewController.swift */,
				ECE62E1A2A513CC000965495 /* CameraViewController.swift */,
				ECE62E1E2A513CD900965495 /* NotificationViewController.swift */,
				ECE62E1C2A513CC900965495 /* ProfileViewController.swift */,
			);
			path = "Core Tabs";
			sourceTree = "<group>";
		};
		ECE62E352A5145A600965495 /* Other */ = {
			isa = PBXGroup;
			children = (
				ECE62E202A513DCB00965495 /* LoginViewController.swift */,
				ECE62E222A513DDC00965495 /* RegistrationViewController.swift */,
				ECE62E242A513E2100965495 /* PostViewController.swift */,
				ECE62E262A513E3400965495 /* EditProfileViewController.swift */,
				ECE62E282A513E5E00965495 /* SettingsViewController.swift */,
				ECE62E2A2A513E6500965495 /* ListViewController.swift */,
				ECE62E2C2A513E8E00965495 /* SearchViewController.swift */,
				ECE62E2E2A513E9900965495 /* SearchResultViewController.swift */,
				ECE62E302A513EFF00965495 /* PostEditorViewController.swift */,
				ECE62E322A513F1600965495 /* PublishPostViewController.swift */,
			);
			path = Other;
			sourceTree = "<group>";
		};
/* End PBXGroup section */

/* Begin PBXNativeTarget section */
		ECE62DFB2A513A5200965495 /* Instagram */ = {
			isa = PBXNativeTarget;
			buildConfigurationList = ECE62E102A513A5300965495 /* Build configuration list for PBXNativeTarget "Instagram" */;
			buildPhases = (
				4413275C8AEC0DFF851EC65F /* [CP] Check Pods Manifest.lock */,
				ECE62DF82A513A5200965495 /* Sources */,
				ECE62DF92A513A5200965495 /* Frameworks */,
				ECE62DFA2A513A5200965495 /* Resources */,
				3131454036D8A8534ABEA784 /* [CP] Embed Pods Frameworks */,
			);
			buildRules = (
			);
			dependencies = (
			);
			name = Instagram;
			productName = Instagram;
			productReference = ECE62DFC2A513A5200965495 /* Instagram.app */;
			productType = "com.apple.product-type.application";
		};
/* End PBXNativeTarget section */

/* Begin PBXProject section */
		ECE62DF42A513A5200965495 /* Project object */ = {
			isa = PBXProject;
			attributes = {
				BuildIndependentTargetsInParallel = 1;
				LastSwiftUpdateCheck = 1410;
				LastUpgradeCheck = 1410;
				TargetAttributes = {
					ECE62DFB2A513A5200965495 = {
						CreatedOnToolsVersion = 14.1;
					};
				};
			};
			buildConfigurationList = ECE62DF72A513A5200965495 /* Build configuration list for PBXProject "Instagram" */;
			compatibilityVersion = "Xcode 14.0";
			developmentRegion = en;
			hasScannedForEncodings = 0;
			knownRegions = (
				en,
				Base,
			);
			mainGroup = ECE62DF32A513A5200965495;
			productRefGroup = ECE62DFD2A513A5200965495 /* Products */;
			projectDirPath = "";
			projectRoot = "";
			targets = (
				ECE62DFB2A513A5200965495 /* Instagram */,
			);
		};
/* End PBXProject section */

/* Begin PBXResourcesBuildPhase section */
		ECE62DFA2A513A5200965495 /* Resources */ = {
			isa = PBXResourcesBuildPhase;
			buildActionMask = 2147483647;
			files = (
				ECE62E0C2A513A5300965495 /* LaunchScreen.storyboard in Resources */,
				ECE62E372A5161E600965495 /* GoogleService-Info.plist in Resources */,
				ECE62E092A513A5300965495 /* Assets.xcassets in Resources */,
				ECE62E072A513A5200965495 /* Main.storyboard in Resources */,
			);
			runOnlyForDeploymentPostprocessing = 0;
		};
/* End PBXResourcesBuildPhase section */

/* Begin PBXShellScriptBuildPhase section */
		3131454036D8A8534ABEA784 /* [CP] Embed Pods Frameworks */ = {
			isa = PBXShellScriptBuildPhase;
			buildActionMask = 2147483647;
			files = (
			);
			inputFileListPaths = (
				"${PODS_ROOT}/Target Support Files/Pods-Instagram/Pods-Instagram-frameworks-${CONFIGURATION}-input-files.xcfilelist",
			);
			name = "[CP] Embed Pods Frameworks";
			outputFileListPaths = (
				"${PODS_ROOT}/Target Support Files/Pods-Instagram/Pods-Instagram-frameworks-${CONFIGURATION}-output-files.xcfilelist",
			);
			runOnlyForDeploymentPostprocessing = 0;
			shellPath = /bin/sh;
			shellScript = "\"${PODS_ROOT}/Target Support Files/Pods-Instagram/Pods-Instagram-frameworks.sh\"\n";
			showEnvVarsInLog = 0;
		};
		4413275C8AEC0DFF851EC65F /* [CP] Check Pods Manifest.lock */ = {
			isa = PBXShellScriptBuildPhase;
			buildActionMask = 2147483647;
			files = (
			);
			inputFileListPaths = (
			);
			inputPaths = (
				"${PODS_PODFILE_DIR_PATH}/Podfile.lock",
				"${PODS_ROOT}/Manifest.lock",
			);
			name = "[CP] Check Pods Manifest.lock";
			outputFileListPaths = (
			);
			outputPaths = (
				"$(DERIVED_FILE_DIR)/Pods-Instagram-checkManifestLockResult.txt",
			);
			runOnlyForDeploymentPostprocessing = 0;
			shellPath = /bin/sh;
			shellScript = "diff \"${PODS_PODFILE_DIR_PATH}/Podfile.lock\" \"${PODS_ROOT}/Manifest.lock\" > /dev/null\nif [ $? != 0 ] ; then\n    # print error to STDERR\n    echo \"error: The sandbox is not in sync with the Podfile.lock. Run 'pod install' or update your CocoaPods installation.\" >&2\n    exit 1\nfi\n# This output is used by Xcode 'outputs' to avoid re-running this script phase.\necho \"SUCCESS\" > \"${SCRIPT_OUTPUT_FILE_0}\"\n";
			showEnvVarsInLog = 0;
		};
/* End PBXShellScriptBuildPhase section */

/* Begin PBXSourcesBuildPhase section */
		ECE62DF82A513A5200965495 /* Sources */ = {
			isa = PBXSourcesBuildPhase;
			buildActionMask = 2147483647;
			files = (
				ECE62E272A513E3400965495 /* EditProfileViewController.swift in Sources */,
				ECE62E1D2A513CC900965495 /* ProfileViewController.swift in Sources */,
				ECE62E332A513F1600965495 /* PublishPostViewController.swift in Sources */,
				ECE62E192A513CAE00965495 /* ExploreViewController.swift in Sources */,
				ECE62E1B2A513CC000965495 /* CameraViewController.swift in Sources */,
				ECE62E232A513DDC00965495 /* RegistrationViewController.swift in Sources */,
				ECE62E312A513EFF00965495 /* PostEditorViewController.swift in Sources */,
				EC9178F22A528C3E0032853B /* StorageManager.swift in Sources */,
				ECE62E252A513E2100965495 /* PostViewController.swift in Sources */,
				ECE62E3C2A518AA500965495 /* DatabaseManager.swift in Sources */,
				ECE62E1F2A513CD900965495 /* NotificationViewController.swift in Sources */,
				ECE62E2F2A513E9900965495 /* SearchResultViewController.swift in Sources */,
				ECE62E212A513DCB00965495 /* LoginViewController.swift in Sources */,
				EC9178F42A52918A0032853B /* Extensions.swift in Sources */,
				ECE62E2D2A513E8E00965495 /* SearchViewController.swift in Sources */,
				ECE62E042A513A5200965495 /* HomeViewController.swift in Sources */,
				ECE62E3E2A518AC300965495 /* AuthManager.swift in Sources */,
				ECE62E002A513A5200965495 /* AppDelegate.swift in Sources */,
				ECE62E022A513A5200965495 /* SceneDelegate.swift in Sources */,
				ECE62E2B2A513E6500965495 /* ListViewController.swift in Sources */,
				ECE62E292A513E5E00965495 /* SettingsViewController.swift in Sources */,
			);
			runOnlyForDeploymentPostprocessing = 0;
		};
/* End PBXSourcesBuildPhase section */

/* Begin PBXVariantGroup section */
		ECE62E052A513A5200965495 /* Main.storyboard */ = {
			isa = PBXVariantGroup;
			children = (
				ECE62E062A513A5200965495 /* Base */,
			);
			name = Main.storyboard;
			sourceTree = "<group>";
		};
		ECE62E0A2A513A5300965495 /* LaunchScreen.storyboard */ = {
			isa = PBXVariantGroup;
			children = (
				ECE62E0B2A513A5300965495 /* Base */,
			);
			name = LaunchScreen.storyboard;
			sourceTree = "<group>";
		};
/* End PBXVariantGroup section */

/* Begin XCBuildConfiguration section */
		ECE62E0E2A513A5300965495 /* Debug */ = {
			isa = XCBuildConfiguration;
			buildSettings = {
				ALWAYS_SEARCH_USER_PATHS = NO;
				CLANG_ANALYZER_NONNULL = YES;
				CLANG_ANALYZER_NUMBER_OBJECT_CONVERSION = YES_AGGRESSIVE;
				CLANG_CXX_LANGUAGE_STANDARD = "gnu++20";
				CLANG_ENABLE_MODULES = YES;
				CLANG_ENABLE_OBJC_ARC = YES;
				CLANG_ENABLE_OBJC_WEAK = YES;
				CLANG_WARN_BLOCK_CAPTURE_AUTORELEASING = YES;
				CLANG_WARN_BOOL_CONVERSION = YES;
				CLANG_WARN_COMMA = YES;
				CLANG_WARN_CONSTANT_CONVERSION = YES;
				CLANG_WARN_DEPRECATED_OBJC_IMPLEMENTATIONS = YES;
				CLANG_WARN_DIRECT_OBJC_ISA_USAGE = YES_ERROR;
				CLANG_WARN_DOCUMENTATION_COMMENTS = YES;
				CLANG_WARN_EMPTY_BODY = YES;
				CLANG_WARN_ENUM_CONVERSION = YES;
				CLANG_WARN_INFINITE_RECURSION = YES;
				CLANG_WARN_INT_CONVERSION = YES;
				CLANG_WARN_NON_LITERAL_NULL_CONVERSION = YES;
				CLANG_WARN_OBJC_IMPLICIT_RETAIN_SELF = YES;
				CLANG_WARN_OBJC_LITERAL_CONVERSION = YES;
				CLANG_WARN_OBJC_ROOT_CLASS = YES_ERROR;
				CLANG_WARN_QUOTED_INCLUDE_IN_FRAMEWORK_HEADER = YES;
				CLANG_WARN_RANGE_LOOP_ANALYSIS = YES;
				CLANG_WARN_STRICT_PROTOTYPES = YES;
				CLANG_WARN_SUSPICIOUS_MOVE = YES;
				CLANG_WARN_UNGUARDED_AVAILABILITY = YES_AGGRESSIVE;
				CLANG_WARN_UNREACHABLE_CODE = YES;
				CLANG_WARN__DUPLICATE_METHOD_MATCH = YES;
				COPY_PHASE_STRIP = NO;
				DEBUG_INFORMATION_FORMAT = dwarf;
				ENABLE_STRICT_OBJC_MSGSEND = YES;
				ENABLE_TESTABILITY = YES;
				GCC_C_LANGUAGE_STANDARD = gnu11;
				GCC_DYNAMIC_NO_PIC = NO;
				GCC_NO_COMMON_BLOCKS = YES;
				GCC_OPTIMIZATION_LEVEL = 0;
				GCC_PREPROCESSOR_DEFINITIONS = (
					"DEBUG=1",
					"$(inherited)",
				);
				GCC_WARN_64_TO_32_BIT_CONVERSION = YES;
				GCC_WARN_ABOUT_RETURN_TYPE = YES_ERROR;
				GCC_WARN_UNDECLARED_SELECTOR = YES;
				GCC_WARN_UNINITIALIZED_AUTOS = YES_AGGRESSIVE;
				GCC_WARN_UNUSED_FUNCTION = YES;
				GCC_WARN_UNUSED_VARIABLE = YES;
				IPHONEOS_DEPLOYMENT_TARGET = 16.1;
				MTL_ENABLE_DEBUG_INFO = INCLUDE_SOURCE;
				MTL_FAST_MATH = YES;
				ONLY_ACTIVE_ARCH = YES;
				SDKROOT = iphoneos;
				SWIFT_ACTIVE_COMPILATION_CONDITIONS = DEBUG;
				SWIFT_OPTIMIZATION_LEVEL = "-Onone";
			};
			name = Debug;
		};
		ECE62E0F2A513A5300965495 /* Release */ = {
			isa = XCBuildConfiguration;
			buildSettings = {
				ALWAYS_SEARCH_USER_PATHS = NO;
				CLANG_ANALYZER_NONNULL = YES;
				CLANG_ANALYZER_NUMBER_OBJECT_CONVERSION = YES_AGGRESSIVE;
				CLANG_CXX_LANGUAGE_STANDARD = "gnu++20";
				CLANG_ENABLE_MODULES = YES;
				CLANG_ENABLE_OBJC_ARC = YES;
				CLANG_ENABLE_OBJC_WEAK = YES;
				CLANG_WARN_BLOCK_CAPTURE_AUTORELEASING = YES;
				CLANG_WARN_BOOL_CONVERSION = YES;
				CLANG_WARN_COMMA = YES;
				CLANG_WARN_CONSTANT_CONVERSION = YES;
				CLANG_WARN_DEPRECATED_OBJC_IMPLEMENTATIONS = YES;
				CLANG_WARN_DIRECT_OBJC_ISA_USAGE = YES_ERROR;
				CLANG_WARN_DOCUMENTATION_COMMENTS = YES;
				CLANG_WARN_EMPTY_BODY = YES;
				CLANG_WARN_ENUM_CONVERSION = YES;
				CLANG_WARN_INFINITE_RECURSION = YES;
				CLANG_WARN_INT_CONVERSION = YES;
				CLANG_WARN_NON_LITERAL_NULL_CONVERSION = YES;
				CLANG_WARN_OBJC_IMPLICIT_RETAIN_SELF = YES;
				CLANG_WARN_OBJC_LITERAL_CONVERSION = YES;
				CLANG_WARN_OBJC_ROOT_CLASS = YES_ERROR;
				CLANG_WARN_QUOTED_INCLUDE_IN_FRAMEWORK_HEADER = YES;
				CLANG_WARN_RANGE_LOOP_ANALYSIS = YES;
				CLANG_WARN_STRICT_PROTOTYPES = YES;
				CLANG_WARN_SUSPICIOUS_MOVE = YES;
				CLANG_WARN_UNGUARDED_AVAILABILITY = YES_AGGRESSIVE;
				CLANG_WARN_UNREACHABLE_CODE = YES;
				CLANG_WARN__DUPLICATE_METHOD_MATCH = YES;
				COPY_PHASE_STRIP = NO;
				DEBUG_INFORMATION_FORMAT = "dwarf-with-dsym";
				ENABLE_NS_ASSERTIONS = NO;
				ENABLE_STRICT_OBJC_MSGSEND = YES;
				GCC_C_LANGUAGE_STANDARD = gnu11;
				GCC_NO_COMMON_BLOCKS = YES;
				GCC_WARN_64_TO_32_BIT_CONVERSION = YES;
				GCC_WARN_ABOUT_RETURN_TYPE = YES_ERROR;
				GCC_WARN_UNDECLARED_SELECTOR = YES;
				GCC_WARN_UNINITIALIZED_AUTOS = YES_AGGRESSIVE;
				GCC_WARN_UNUSED_FUNCTION = YES;
				GCC_WARN_UNUSED_VARIABLE = YES;
				IPHONEOS_DEPLOYMENT_TARGET = 16.1;
				MTL_ENABLE_DEBUG_INFO = NO;
				MTL_FAST_MATH = YES;
				SDKROOT = iphoneos;
				SWIFT_COMPILATION_MODE = wholemodule;
				SWIFT_OPTIMIZATION_LEVEL = "-O";
				VALIDATE_PRODUCT = YES;
			};
			name = Release;
		};
		ECE62E112A513A5300965495 /* Debug */ = {
			isa = XCBuildConfiguration;
			baseConfigurationReference = D83115BF1AE643C0680BB7C6 /* Pods-Instagram.debug.xcconfig */;
			buildSettings = {
				ASSETCATALOG_COMPILER_APPICON_NAME = AppIcon;
				ASSETCATALOG_COMPILER_GLOBAL_ACCENT_COLOR_NAME = AccentColor;
				CODE_SIGN_STYLE = Automatic;
				CURRENT_PROJECT_VERSION = 1;
				GENERATE_INFOPLIST_FILE = YES;
				INFOPLIST_FILE = Instagram/Info.plist;
				INFOPLIST_KEY_UIApplicationSupportsIndirectInputEvents = YES;
				INFOPLIST_KEY_UILaunchStoryboardName = LaunchScreen;
				INFOPLIST_KEY_UIMainStoryboardFile = Main;
				INFOPLIST_KEY_UISupportedInterfaceOrientations_iPad = "UIInterfaceOrientationPortrait UIInterfaceOrientationPortraitUpsideDown UIInterfaceOrientationLandscapeLeft UIInterfaceOrientationLandscapeRight";
				INFOPLIST_KEY_UISupportedInterfaceOrientations_iPhone = "UIInterfaceOrientationPortrait UIInterfaceOrientationLandscapeLeft UIInterfaceOrientationLandscapeRight";
				LD_RUNPATH_SEARCH_PATHS = (
					"$(inherited)",
					"@executable_path/Frameworks",
				);
				MARKETING_VERSION = 1.0;
				PRODUCT_BUNDLE_IDENTIFIER = com.FirstProject.Instagram;
				PRODUCT_NAME = "$(TARGET_NAME)";
				SWIFT_EMIT_LOC_STRINGS = YES;
				SWIFT_VERSION = 5.0;
				TARGETED_DEVICE_FAMILY = "1,2";
			};
			name = Debug;
		};
		ECE62E122A513A5300965495 /* Release */ = {
			isa = XCBuildConfiguration;
			baseConfigurationReference = 8AAD52E13C9E0569A101B5D7 /* Pods-Instagram.release.xcconfig */;
			buildSettings = {
				ASSETCATALOG_COMPILER_APPICON_NAME = AppIcon;
				ASSETCATALOG_COMPILER_GLOBAL_ACCENT_COLOR_NAME = AccentColor;
				CODE_SIGN_STYLE = Automatic;
				CURRENT_PROJECT_VERSION = 1;
				GENERATE_INFOPLIST_FILE = YES;
				INFOPLIST_FILE = Instagram/Info.plist;
				INFOPLIST_KEY_UIApplicationSupportsIndirectInputEvents = YES;
				INFOPLIST_KEY_UILaunchStoryboardName = LaunchScreen;
				INFOPLIST_KEY_UIMainStoryboardFile = Main;
				INFOPLIST_KEY_UISupportedInterfaceOrientations_iPad = "UIInterfaceOrientationPortrait UIInterfaceOrientationPortraitUpsideDown UIInterfaceOrientationLandscapeLeft UIInterfaceOrientationLandscapeRight";
				INFOPLIST_KEY_UISupportedInterfaceOrientations_iPhone = "UIInterfaceOrientationPortrait UIInterfaceOrientationLandscapeLeft UIInterfaceOrientationLandscapeRight";
				LD_RUNPATH_SEARCH_PATHS = (
					"$(inherited)",
					"@executable_path/Frameworks",
				);
				MARKETING_VERSION = 1.0;
				PRODUCT_BUNDLE_IDENTIFIER = com.FirstProject.Instagram;
				PRODUCT_NAME = "$(TARGET_NAME)";
				SWIFT_EMIT_LOC_STRINGS = YES;
				SWIFT_VERSION = 5.0;
				TARGETED_DEVICE_FAMILY = "1,2";
			};
			name = Release;
		};
/* End XCBuildConfiguration section */

/* Begin XCConfigurationList section */
		ECE62DF72A513A5200965495 /* Build configuration list for PBXProject "Instagram" */ = {
			isa = XCConfigurationList;
			buildConfigurations = (
				ECE62E0E2A513A5300965495 /* Debug */,
				ECE62E0F2A513A5300965495 /* Release */,
			);
			defaultConfigurationIsVisible = 0;
			defaultConfigurationName = Release;
		};
		ECE62E102A513A5300965495 /* Build configuration list for PBXNativeTarget "Instagram" */ = {
			isa = XCConfigurationList;
			buildConfigurations = (
				ECE62E112A513A5300965495 /* Debug */,
				ECE62E122A513A5300965495 /* Release */,
			);
			defaultConfigurationIsVisible = 0;
			defaultConfigurationName = Release;
		};
/* End XCConfigurationList section */
	};
	rootObject = ECE62DF42A513A5200965495 /* Project object */;
}
